// !$*UTF8*$!
{
	archiveVersion = 1;
	classes = {
	};
	objectVersion = 56;
	objects = {

/* Begin PBXBuildFile section */
		9F1A6D6E2B1F58BD00612D13 /* CircleImage.swift in Sources */ = {isa = PBXBuildFile; fileRef = 9F1A6D6D2B1F58BD00612D13 /* CircleImage.swift */; };
		9F1A6D702B1F5C5A00612D13 /* MapView.swift in Sources */ = {isa = PBXBuildFile; fileRef = 9F1A6D6F2B1F5C5A00612D13 /* MapView.swift */; };
		9F62E5A92B85FA8F008B74AB /* FavoriteButton.swift in Sources */ = {isa = PBXBuildFile; fileRef = 9F62E5A82B85FA8F008B74AB /* FavoriteButton.swift */; };
		9F62E5B12B865AE4008B74AB /* HexagonParameters.swift in Sources */ = {isa = PBXBuildFile; fileRef = 9F62E5B02B865AE4008B74AB /* HexagonParameters.swift */; };
		9F62E5B52B865C86008B74AB /* BadgeBackground.swift in Sources */ = {isa = PBXBuildFile; fileRef = 9F62E5B42B865C86008B74AB /* BadgeBackground.swift */; };
		9F62E5B72B865DC5008B74AB /* BadgeSymbol.swift in Sources */ = {isa = PBXBuildFile; fileRef = 9F62E5B62B865DC5008B74AB /* BadgeSymbol.swift */; };
		9F62E5B92B865E75008B74AB /* RotatedBadgeSymbol.swift in Sources */ = {isa = PBXBuildFile; fileRef = 9F62E5B82B865E75008B74AB /* RotatedBadgeSymbol.swift */; };
		9FBA729F2B19F538003AA8FE /* LandmarksApp.swift in Sources */ = {isa = PBXBuildFile; fileRef = 9FBA729E2B19F538003AA8FE /* LandmarksApp.swift */; };
		9FBA72A12B19F538003AA8FE /* ContentView.swift in Sources */ = {isa = PBXBuildFile; fileRef = 9FBA72A02B19F538003AA8FE /* ContentView.swift */; };
		9FBA72A32B19F539003AA8FE /* Assets.xcassets in Resources */ = {isa = PBXBuildFile; fileRef = 9FBA72A22B19F539003AA8FE /* Assets.xcassets */; };
		9FBA72A62B19F539003AA8FE /* Preview Assets.xcassets in Resources */ = {isa = PBXBuildFile; fileRef = 9FBA72A52B19F539003AA8FE /* Preview Assets.xcassets */; };
		9FBB94D72B69551100FFE748 /* landmarkData.json in Resources */ = {isa = PBXBuildFile; fileRef = 9FBB94D62B69551100FFE748 /* landmarkData.json */; };
		9FBB94D92B6A5EF500FFE748 /* Landmark.swift in Sources */ = {isa = PBXBuildFile; fileRef = 9FBB94D82B6A5EF500FFE748 /* Landmark.swift */; };
		9FBB94DB2B6A678200FFE748 /* ModelData.swift in Sources */ = {isa = PBXBuildFile; fileRef = 9FBB94DA2B6A678200FFE748 /* ModelData.swift */; };
		9FBB94E02B6A741E00FFE748 /* LandmarkRow.swift in Sources */ = {isa = PBXBuildFile; fileRef = 9FBB94DF2B6A741E00FFE748 /* LandmarkRow.swift */; };
		9FBB94E22B6A7B0100FFE748 /* LandmarkList.swift in Sources */ = {isa = PBXBuildFile; fileRef = 9FBB94E12B6A7B0100FFE748 /* LandmarkList.swift */; };
		9FBF92C02B6A82D8001723A4 /* LandmarkDetail.swift in Sources */ = {isa = PBXBuildFile; fileRef = 9FBF92BF2B6A82D8001723A4 /* LandmarkDetail.swift */; };
/* End PBXBuildFile section */

/* Begin PBXFileReference section */
		9F1A6D6D2B1F58BD00612D13 /* CircleImage.swift */ = {isa = PBXFileReference; lastKnownFileType = sourcecode.swift; path = CircleImage.swift; sourceTree = "<group>"; };
		9F1A6D6F2B1F5C5A00612D13 /* MapView.swift */ = {isa = PBXFileReference; lastKnownFileType = sourcecode.swift; path = MapView.swift; sourceTree = "<group>"; };
		9F62E5A82B85FA8F008B74AB /* FavoriteButton.swift */ = {isa = PBXFileReference; lastKnownFileType = sourcecode.swift; path = FavoriteButton.swift; sourceTree = "<group>"; };
		9F62E5B02B865AE4008B74AB /* HexagonParameters.swift */ = {isa = PBXFileReference; lastKnownFileType = sourcecode.swift; path = HexagonParameters.swift; sourceTree = "<group>"; };
		9F62E5B42B865C86008B74AB /* BadgeBackground.swift */ = {isa = PBXFileReference; lastKnownFileType = sourcecode.swift; path = BadgeBackground.swift; sourceTree = "<group>"; };
		9F62E5B62B865DC5008B74AB /* BadgeSymbol.swift */ = {isa = PBXFileReference; lastKnownFileType = sourcecode.swift; path = BadgeSymbol.swift; sourceTree = "<group>"; };
		9F62E5B82B865E75008B74AB /* RotatedBadgeSymbol.swift */ = {isa = PBXFileReference; lastKnownFileType = sourcecode.swift; path = RotatedBadgeSymbol.swift; sourceTree = "<group>"; };
		9FBA729B2B19F538003AA8FE /* Landmarks.app */ = {isa = PBXFileReference; explicitFileType = wrapper.application; includeInIndex = 0; path = Landmarks.app; sourceTree = BUILT_PRODUCTS_DIR; };
		9FBA729E2B19F538003AA8FE /* LandmarksApp.swift */ = {isa = PBXFileReference; lastKnownFileType = sourcecode.swift; path = LandmarksApp.swift; sourceTree = "<group>"; };
		9FBA72A02B19F538003AA8FE /* ContentView.swift */ = {isa = PBXFileReference; lastKnownFileType = sourcecode.swift; path = ContentView.swift; sourceTree = "<group>"; };
		9FBA72A22B19F539003AA8FE /* Assets.xcassets */ = {isa = PBXFileReference; lastKnownFileType = folder.assetcatalog; path = Assets.xcassets; sourceTree = "<group>"; };
		9FBA72A52B19F539003AA8FE /* Preview Assets.xcassets */ = {isa = PBXFileReference; lastKnownFileType = folder.assetcatalog; path = "Preview Assets.xcassets"; sourceTree = "<group>"; };
		9FBB94D62B69551100FFE748 /* landmarkData.json */ = {isa = PBXFileReference; fileEncoding = 4; lastKnownFileType = text.json; path = landmarkData.json; sourceTree = "<group>"; };
		9FBB94D82B6A5EF500FFE748 /* Landmark.swift */ = {isa = PBXFileReference; lastKnownFileType = sourcecode.swift; path = Landmark.swift; sourceTree = "<group>"; };
		9FBB94DA2B6A678200FFE748 /* ModelData.swift */ = {isa = PBXFileReference; lastKnownFileType = sourcecode.swift; path = ModelData.swift; sourceTree = "<group>"; };
		9FBB94DF2B6A741E00FFE748 /* LandmarkRow.swift */ = {isa = PBXFileReference; lastKnownFileType = sourcecode.swift; path = LandmarkRow.swift; sourceTree = "<group>"; };
		9FBB94E12B6A7B0100FFE748 /* LandmarkList.swift */ = {isa = PBXFileReference; lastKnownFileType = sourcecode.swift; path = LandmarkList.swift; sourceTree = "<group>"; };
		9FBF92BF2B6A82D8001723A4 /* LandmarkDetail.swift */ = {isa = PBXFileReference; lastKnownFileType = sourcecode.swift; path = LandmarkDetail.swift; sourceTree = "<group>"; };
/* End PBXFileReference section */

/* Begin PBXFrameworksBuildPhase section */
		9FBA72982B19F538003AA8FE /* Frameworks */ = {
			isa = PBXFrameworksBuildPhase;
			buildActionMask = 2147483647;
			files = (
			);
			runOnlyForDeploymentPostprocessing = 0;
		};
/* End PBXFrameworksBuildPhase section */

/* Begin PBXGroup section */
		9F62E5AA2B85FC2D008B74AB /* Landmarks */ = {
			isa = PBXGroup;
			children = (
				9FBB94E12B6A7B0100FFE748 /* LandmarkList.swift */,
				9FBB94DF2B6A741E00FFE748 /* LandmarkRow.swift */,
				9FBF92BF2B6A82D8001723A4 /* LandmarkDetail.swift */,
			);
			path = Landmarks;
			sourceTree = "<group>";
		};
		9F62E5AB2B85FC41008B74AB /* Helper */ = {
			isa = PBXGroup;
			children = (
				9F1A6D6D2B1F58BD00612D13 /* CircleImage.swift */,
				9F1A6D6F2B1F5C5A00612D13 /* MapView.swift */,
				9F62E5A82B85FA8F008B74AB /* FavoriteButton.swift */,
			);
			path = Helper;
			sourceTree = "<group>";
		};
		9FBA72922B19F538003AA8FE = {
			isa = PBXGroup;
			children = (
				9FBA729D2B19F538003AA8FE /* Landmarks */,
				9FBA729C2B19F538003AA8FE /* Products */,
			);
			sourceTree = "<group>";
		};
		9FBA729C2B19F538003AA8FE /* Products */ = {
			isa = PBXGroup;
			children = (
				9FBA729B2B19F538003AA8FE /* Landmarks.app */,
			);
			name = Products;
			sourceTree = "<group>";
		};
		9FBA729D2B19F538003AA8FE /* Landmarks */ = {
			isa = PBXGroup;
			children = (
				9FBA729E2B19F538003AA8FE /* LandmarksApp.swift */,
				9FBB94DC2B6A6A7500FFE748 /* Views */,
				9FBB94DD2B6A6A8900FFE748 /* Model */,
				9FBB94DE2B6A6AAE00FFE748 /* Resources */,
				9FBA72A22B19F539003AA8FE /* Assets.xcassets */,
				9FBA72A42B19F539003AA8FE /* Preview Content */,
				9F62E5B02B865AE4008B74AB /* HexagonParameters.swift */,
				9F62E5B82B865E75008B74AB /* RotatedBadgeSymbol.swift */,
				9F62E5B42B865C86008B74AB /* BadgeBackground.swift */,
				9F62E5B62B865DC5008B74AB /* BadgeSymbol.swift */,
			);
			path = Landmarks;
			sourceTree = "<group>";
		};
		9FBA72A42B19F539003AA8FE /* Preview Content */ = {
			isa = PBXGroup;
			children = (
				9FBA72A52B19F539003AA8FE /* Preview Assets.xcassets */,
			);
			path = "Preview Content";
			sourceTree = "<group>";
		};
		9FBB94DC2B6A6A7500FFE748 /* Views */ = {
			isa = PBXGroup;
			children = (
				9FBA72A02B19F538003AA8FE /* ContentView.swift */,
				9F62E5AA2B85FC2D008B74AB /* Landmarks */,
				9F62E5AB2B85FC41008B74AB /* Helper */,
			);
			path = Views;
			sourceTree = "<group>";
		};
		9FBB94DD2B6A6A8900FFE748 /* Model */ = {
			isa = PBXGroup;
			children = (
				9FBB94DA2B6A678200FFE748 /* ModelData.swift */,
				9FBB94D82B6A5EF500FFE748 /* Landmark.swift */,
			);
			path = Model;
			sourceTree = "<group>";
		};
		9FBB94DE2B6A6AAE00FFE748 /* Resources */ = {
			isa = PBXGroup;
			children = (
				9FBB94D62B69551100FFE748 /* landmarkData.json */,
			);
			path = Resources;
			sourceTree = "<group>";
		};
/* End PBXGroup section */

/* Begin PBXNativeTarget section */
		9FBA729A2B19F538003AA8FE /* Landmarks */ = {
			isa = PBXNativeTarget;
			buildConfigurationList = 9FBA72A92B19F539003AA8FE /* Build configuration list for PBXNativeTarget "Landmarks" */;
			buildPhases = (
				9FBA72972B19F538003AA8FE /* Sources */,
				9FBA72982B19F538003AA8FE /* Frameworks */,
				9FBA72992B19F538003AA8FE /* Resources */,
			);
			buildRules = (
			);
			dependencies = (
			);
			name = Landmarks;
			productName = Landmarks;
			productReference = 9FBA729B2B19F538003AA8FE /* Landmarks.app */;
			productType = "com.apple.product-type.application";
		};
/* End PBXNativeTarget section */

/* Begin PBXProject section */
		9FBA72932B19F538003AA8FE /* Project object */ = {
			isa = PBXProject;
			attributes = {
				BuildIndependentTargetsInParallel = 1;
				LastSwiftUpdateCheck = 1500;
				LastUpgradeCheck = 1500;
				TargetAttributes = {
					9FBA729A2B19F538003AA8FE = {
						CreatedOnToolsVersion = 15.0.1;
					};
				};
			};
			buildConfigurationList = 9FBA72962B19F538003AA8FE /* Build configuration list for PBXProject "Landmarks" */;
			compatibilityVersion = "Xcode 14.0";
			developmentRegion = en;
			hasScannedForEncodings = 0;
			knownRegions = (
				en,
				Base,
			);
			mainGroup = 9FBA72922B19F538003AA8FE;
			productRefGroup = 9FBA729C2B19F538003AA8FE /* Products */;
			projectDirPath = "";
			projectRoot = "";
			targets = (
				9FBA729A2B19F538003AA8FE /* Landmarks */,
			);
		};
/* End PBXProject section */

/* Begin PBXResourcesBuildPhase section */
		9FBA72992B19F538003AA8FE /* Resources */ = {
			isa = PBXResourcesBuildPhase;
			buildActionMask = 2147483647;
			files = (
				9FBA72A62B19F539003AA8FE /* Preview Assets.xcassets in Resources */,
				9FBA72A32B19F539003AA8FE /* Assets.xcassets in Resources */,
				9FBB94D72B69551100FFE748 /* landmarkData.json in Resources */,
			);
			runOnlyForDeploymentPostprocessing = 0;
		};
/* End PBXResourcesBuildPhase section */

/* Begin PBXSourcesBuildPhase section */
		9FBA72972B19F538003AA8FE /* Sources */ = {
			isa = PBXSourcesBuildPhase;
			buildActionMask = 2147483647;
			files = (
				9FBA72A12B19F538003AA8FE /* ContentView.swift in Sources */,
				9F1A6D702B1F5C5A00612D13 /* MapView.swift in Sources */,
				9FBA729F2B19F538003AA8FE /* LandmarksApp.swift in Sources */,
				9F62E5A92B85FA8F008B74AB /* FavoriteButton.swift in Sources */,
				9F62E5B12B865AE4008B74AB /* HexagonParameters.swift in Sources */,
				9F62E5B92B865E75008B74AB /* RotatedBadgeSymbol.swift in Sources */,
				9F62E5B72B865DC5008B74AB /* BadgeSymbol.swift in Sources */,
				9FBB94E22B6A7B0100FFE748 /* LandmarkList.swift in Sources */,
				9FBF92C02B6A82D8001723A4 /* LandmarkDetail.swift in Sources */,
				9F62E5B52B865C86008B74AB /* BadgeBackground.swift in Sources */,
				9F1A6D6E2B1F58BD00612D13 /* CircleImage.swift in Sources */,
				9FBB94D92B6A5EF500FFE748 /* Landmark.swift in Sources */,
				9FBB94E02B6A741E00FFE748 /* LandmarkRow.swift in Sources */,
				9FBB94DB2B6A678200FFE748 /* ModelData.swift in Sources */,
			);
			runOnlyForDeploymentPostprocessing = 0;
		};
/* End PBXSourcesBuildPhase section */

/* Begin XCBuildConfiguration section */
		9FBA72A72B19F539003AA8FE /* Debug */ = {
			isa = XCBuildConfiguration;
			buildSettings = {
				ALWAYS_SEARCH_USER_PATHS = NO;
				ASSETCATALOG_COMPILER_GENERATE_SWIFT_ASSET_SYMBOL_EXTENSIONS = YES;
				CLANG_ANALYZER_NONNULL = YES;
				CLANG_ANALYZER_NUMBER_OBJECT_CONVERSION = YES_AGGRESSIVE;
				CLANG_CXX_LANGUAGE_STANDARD = "gnu++20";
				CLANG_ENABLE_MODULES = YES;
				CLANG_ENABLE_OBJC_ARC = YES;
				CLANG_ENABLE_OBJC_WEAK = YES;
				CLANG_WARN_BLOCK_CAPTURE_AUTORELEASING = YES;
				CLANG_WARN_BOOL_CONVERSION = YES;
				CLANG_WARN_COMMA = YES;
				CLANG_WARN_CONSTANT_CONVERSION = YES;
				CLANG_WARN_DEPRECATED_OBJC_IMPLEMENTATIONS = YES;
				CLANG_WARN_DIRECT_OBJC_ISA_USAGE = YES_ERROR;
				CLANG_WARN_DOCUMENTATION_COMMENTS = YES;
				CLANG_WARN_EMPTY_BODY = YES;
				CLANG_WARN_ENUM_CONVERSION = YES;
				CLANG_WARN_INFINITE_RECURSION = YES;
				CLANG_WARN_INT_CONVERSION = YES;
				CLANG_WARN_NON_LITERAL_NULL_CONVERSION = YES;
				CLANG_WARN_OBJC_IMPLICIT_RETAIN_SELF = YES;
				CLANG_WARN_OBJC_LITERAL_CONVERSION = YES;
				CLANG_WARN_OBJC_ROOT_CLASS = YES_ERROR;
				CLANG_WARN_QUOTED_INCLUDE_IN_FRAMEWORK_HEADER = YES;
				CLANG_WARN_RANGE_LOOP_ANALYSIS = YES;
				CLANG_WARN_STRICT_PROTOTYPES = YES;
				CLANG_WARN_SUSPICIOUS_MOVE = YES;
				CLANG_WARN_UNGUARDED_AVAILABILITY = YES_AGGRESSIVE;
				CLANG_WARN_UNREACHABLE_CODE = YES;
				CLANG_WARN__DUPLICATE_METHOD_MATCH = YES;
				COPY_PHASE_STRIP = NO;
				DEBUG_INFORMATION_FORMAT = dwarf;
				ENABLE_STRICT_OBJC_MSGSEND = YES;
				ENABLE_TESTABILITY = YES;
				ENABLE_USER_SCRIPT_SANDBOXING = YES;
				GCC_C_LANGUAGE_STANDARD = gnu17;
				GCC_DYNAMIC_NO_PIC = NO;
				GCC_NO_COMMON_BLOCKS = YES;
				GCC_OPTIMIZATION_LEVEL = 0;
				GCC_PREPROCESSOR_DEFINITIONS = (
					"DEBUG=1",
					"$(inherited)",
				);
				GCC_WARN_64_TO_32_BIT_CONVERSION = YES;
				GCC_WARN_ABOUT_RETURN_TYPE = YES_ERROR;
				GCC_WARN_UNDECLARED_SELECTOR = YES;
				GCC_WARN_UNINITIALIZED_AUTOS = YES_AGGRESSIVE;
				GCC_WARN_UNUSED_FUNCTION = YES;
				GCC_WARN_UNUSED_VARIABLE = YES;
				IPHONEOS_DEPLOYMENT_TARGET = 17.0;
				LOCALIZATION_PREFERS_STRING_CATALOGS = YES;
				MTL_ENABLE_DEBUG_INFO = INCLUDE_SOURCE;
				MTL_FAST_MATH = YES;
				ONLY_ACTIVE_ARCH = YES;
				SDKROOT = iphoneos;
				SWIFT_ACTIVE_COMPILATION_CONDITIONS = "DEBUG $(inherited)";
				SWIFT_OPTIMIZATION_LEVEL = "-Onone";
			};
			name = Debug;
		};
		9FBA72A82B19F539003AA8FE /* Release */ = {
			isa = XCBuildConfiguration;
			buildSettings = {
				ALWAYS_SEARCH_USER_PATHS = NO;
				ASSETCATALOG_COMPILER_GENERATE_SWIFT_ASSET_SYMBOL_EXTENSIONS = YES;
				CLANG_ANALYZER_NONNULL = YES;
				CLANG_ANALYZER_NUMBER_OBJECT_CONVERSION = YES_AGGRESSIVE;
				CLANG_CXX_LANGUAGE_STANDARD = "gnu++20";
				CLANG_ENABLE_MODULES = YES;
				CLANG_ENABLE_OBJC_ARC = YES;
				CLANG_ENABLE_OBJC_WEAK = YES;
				CLANG_WARN_BLOCK_CAPTURE_AUTORELEASING = YES;
				CLANG_WARN_BOOL_CONVERSION = YES;
				CLANG_WARN_COMMA = YES;
				CLANG_WARN_CONSTANT_CONVERSION = YES;
				CLANG_WARN_DEPRECATED_OBJC_IMPLEMENTATIONS = YES;
				CLANG_WARN_DIRECT_OBJC_ISA_USAGE = YES_ERROR;
				CLANG_WARN_DOCUMENTATION_COMMENTS = YES;
				CLANG_WARN_EMPTY_BODY = YES;
				CLANG_WARN_ENUM_CONVERSION = YES;
				CLANG_WARN_INFINITE_RECURSION = YES;
				CLANG_WARN_INT_CONVERSION = YES;
				CLANG_WARN_NON_LITERAL_NULL_CONVERSION = YES;
				CLANG_WARN_OBJC_IMPLICIT_RETAIN_SELF = YES;
				CLANG_WARN_OBJC_LITERAL_CONVERSION = YES;
				CLANG_WARN_OBJC_ROOT_CLASS = YES_ERROR;
				CLANG_WARN_QUOTED_INCLUDE_IN_FRAMEWORK_HEADER = YES;
				CLANG_WARN_RANGE_LOOP_ANALYSIS = YES;
				CLANG_WARN_STRICT_PROTOTYPES = YES;
				CLANG_WARN_SUSPICIOUS_MOVE = YES;
				CLANG_WARN_UNGUARDED_AVAILABILITY = YES_AGGRESSIVE;
				CLANG_WARN_UNREACHABLE_CODE = YES;
				CLANG_WARN__DUPLICATE_METHOD_MATCH = YES;
				COPY_PHASE_STRIP = NO;
				DEBUG_INFORMATION_FORMAT = "dwarf-with-dsym";
				ENABLE_NS_ASSERTIONS = NO;
				ENABLE_STRICT_OBJC_MSGSEND = YES;
				ENABLE_USER_SCRIPT_SANDBOXING = YES;
				GCC_C_LANGUAGE_STANDARD = gnu17;
				GCC_NO_COMMON_BLOCKS = YES;
				GCC_WARN_64_TO_32_BIT_CONVERSION = YES;
				GCC_WARN_ABOUT_RETURN_TYPE = YES_ERROR;
				GCC_WARN_UNDECLARED_SELECTOR = YES;
				GCC_WARN_UNINITIALIZED_AUTOS = YES_AGGRESSIVE;
				GCC_WARN_UNUSED_FUNCTION = YES;
				GCC_WARN_UNUSED_VARIABLE = YES;
				IPHONEOS_DEPLOYMENT_TARGET = 17.0;
				LOCALIZATION_PREFERS_STRING_CATALOGS = YES;
				MTL_ENABLE_DEBUG_INFO = NO;
				MTL_FAST_MATH = YES;
				SDKROOT = iphoneos;
				SWIFT_COMPILATION_MODE = wholemodule;
				VALIDATE_PRODUCT = YES;
			};
			name = Release;
		};
		9FBA72AA2B19F539003AA8FE /* Debug */ = {
			isa = XCBuildConfiguration;
			buildSettings = {
				ASSETCATALOG_COMPILER_APPICON_NAME = AppIcon;
				ASSETCATALOG_COMPILER_GLOBAL_ACCENT_COLOR_NAME = AccentColor;
				CODE_SIGN_STYLE = Automatic;
				CURRENT_PROJECT_VERSION = 1;
				DEVELOPMENT_ASSET_PATHS = "\"Landmarks/Preview Content\"";
				DEVELOPMENT_TEAM = XG2837V3H7;
				ENABLE_PREVIEWS = YES;
				GENERATE_INFOPLIST_FILE = YES;
				INFOPLIST_KEY_UIApplicationSceneManifest_Generation = YES;
				INFOPLIST_KEY_UIApplicationSupportsIndirectInputEvents = YES;
				INFOPLIST_KEY_UILaunchScreen_Generation = YES;
				INFOPLIST_KEY_UISupportedInterfaceOrientations_iPad = "UIInterfaceOrientationPortrait UIInterfaceOrientationPortraitUpsideDown UIInterfaceOrientationLandscapeLeft UIInterfaceOrientationLandscapeRight";
				INFOPLIST_KEY_UISupportedInterfaceOrientations_iPhone = "UIInterfaceOrientationPortrait UIInterfaceOrientationLandscapeLeft UIInterfaceOrientationLandscapeRight";
				LD_RUNPATH_SEARCH_PATHS = (
					"$(inherited)",
					"@executable_path/Frameworks",
				);
				MARKETING_VERSION = 1.0;
				PRODUCT_BUNDLE_IDENTIFIER = com.tedkim.Landmarks;
				PRODUCT_NAME = "$(TARGET_NAME)";
				SWIFT_EMIT_LOC_STRINGS = YES;
				SWIFT_VERSION = 5.0;
				TARGETED_DEVICE_FAMILY = "1,2";
			};
			name = Debug;
		};
		9FBA72AB2B19F539003AA8FE /* Release */ = {
			isa = XCBuildConfiguration;
			buildSettings = {
				ASSETCATALOG_COMPILER_APPICON_NAME = AppIcon;
				ASSETCATALOG_COMPILER_GLOBAL_ACCENT_COLOR_NAME = AccentColor;
				CODE_SIGN_STYLE = Automatic;
				CURRENT_PROJECT_VERSION = 1;
				DEVELOPMENT_ASSET_PATHS = "\"Landmarks/Preview Content\"";
				DEVELOPMENT_TEAM = XG2837V3H7;
				ENABLE_PREVIEWS = YES;
				GENERATE_INFOPLIST_FILE = YES;
				INFOPLIST_KEY_UIApplicationSceneManifest_Generation = YES;
				INFOPLIST_KEY_UIApplicationSupportsIndirectInputEvents = YES;
				INFOPLIST_KEY_UILaunchScreen_Generation = YES;
				INFOPLIST_KEY_UISupportedInterfaceOrientations_iPad = "UIInterfaceOrientationPortrait UIInterfaceOrientationPortraitUpsideDown UIInterfaceOrientationLandscapeLeft UIInterfaceOrientationLandscapeRight";
				INFOPLIST_KEY_UISupportedInterfaceOrientations_iPhone = "UIInterfaceOrientationPortrait UIInterfaceOrientationLandscapeLeft UIInterfaceOrientationLandscapeRight";
				LD_RUNPATH_SEARCH_PATHS = (
					"$(inherited)",
					"@executable_path/Frameworks",
				);
				MARKETING_VERSION = 1.0;
				PRODUCT_BUNDLE_IDENTIFIER = com.tedkim.Landmarks;
				PRODUCT_NAME = "$(TARGET_NAME)";
				SWIFT_EMIT_LOC_STRINGS = YES;
				SWIFT_VERSION = 5.0;
				TARGETED_DEVICE_FAMILY = "1,2";
			};
			name = Release;
		};
/* End XCBuildConfiguration section */

/* Begin XCConfigurationList section */
		9FBA72962B19F538003AA8FE /* Build configuration list for PBXProject "Landmarks" */ = {
			isa = XCConfigurationList;
			buildConfigurations = (
				9FBA72A72B19F539003AA8FE /* Debug */,
				9FBA72A82B19F539003AA8FE /* Release */,
			);
			defaultConfigurationIsVisible = 0;
			defaultConfigurationName = Release;
		};
		9FBA72A92B19F539003AA8FE /* Build configuration list for PBXNativeTarget "Landmarks" */ = {
			isa = XCConfigurationList;
			buildConfigurations = (
				9FBA72AA2B19F539003AA8FE /* Debug */,
				9FBA72AB2B19F539003AA8FE /* Release */,
			);
			defaultConfigurationIsVisible = 0;
			defaultConfigurationName = Release;
		};
/* End XCConfigurationList section */
	};
	rootObject = 9FBA72932B19F538003AA8FE /* Project object */;
}
